
Microsoft Visual Studio Solution File, Format Version 12.00
# Visual Studio Version 16
VisualStudioVersion = 16.0.31624.102
MinimumVisualStudioVersion = 10.0.40219.1
Project("{FAE04EC0-301F-11D3-BF4B-00C04F79EFBC}") = "DoorControlSystem", "DoorControlSystem\DoorControlSystem.csproj", "{835575B6-9EB0-448A-A0CB-59BE07742BC2}"
EndProject
Project("{FAE04EC0-301F-11D3-BF4B-00C04F79EFBC}") = "DoorControlSystem.Unittests", "DoorControlSystem.Unittests\DoorControlSystem.Unittests.csproj", "{C916717D-5D52-4384-98FD-6F446C614C66}"
EndProject
Global
	GlobalSection(SolutionConfigurationPlatforms) = preSolution
		Debug|Any CPU = Debug|Any CPU
		Release|Any CPU = Release|Any CPU
	EndGlobalSection
	GlobalSection(ProjectConfigurationPlatforms) = postSolution
		{835575B6-9EB0-448A-A0CB-59BE07742BC2}.Debug|Any CPU.ActiveCfg = Debug|Any CPU
		{835575B6-9EB0-448A-A0CB-59BE07742BC2}.Debug|Any CPU.Build.0 = Debug|Any CPU
		{835575B6-9EB0-448A-A0CB-59BE07742BC2}.Release|Any CPU.ActiveCfg = Release|Any CPU
		{835575B6-9EB0-448A-A0CB-59BE07742BC2}.Release|Any CPU.Build.0 = Release|Any CPU
		{C916717D-5D52-4384-98FD-6F446C614C66}.Debug|Any CPU.ActiveCfg = Debug|Any CPU
		{C916717D-5D52-4384-98FD-6F446C614C66}.Debug|Any CPU.Build.0 = Debug|Any CPU
		{C916717D-5D52-4384-98FD-6F446C614C66}.Release|Any CPU.ActiveCfg = Release|Any CPU
		{C916717D-5D52-4384-98FD-6F446C614C66}.Release|Any CPU.Build.0 = Release|Any CPU
	EndGlobalSection
	GlobalSection(SolutionProperties) = preSolution
		HideSolutionNode = FALSE
	EndGlobalSection
	GlobalSection(ExtensibilityGlobals) = postSolution
		SolutionGuid = {5731FF7F-7ACF-4F82-92E3-5BF3E2044EFB}
	EndGlobalSection
EndGlobal
